// !$*UTF8*$!
{
	archiveVersion = 1;
	classes = {
	};
	objectVersion = 52;
	objects = {

/* Begin PBXBuildFile section */
		2B09B54A239655AA0095E4A2 /* Main.storyboard in Resources */ = {isa = PBXBuildFile; fileRef = 2B09B549239655AA0095E4A2 /* Main.storyboard */; };
		2B09B54C23965EB40095E4A2 /* ARDecoratingContent.rcproject in Sources */ = {isa = PBXBuildFile; fileRef = 2B09B54B23965EB40095E4A2 /* ARDecoratingContent.rcproject */; };
		2B09B54F239769570095E4A2 /* VirutalObjectSceneView.swift in Sources */ = {isa = PBXBuildFile; fileRef = 2B09B54E239769570095E4A2 /* VirutalObjectSceneView.swift */; };
		2B09B5512397699A0095E4A2 /* VirtualObject.swift in Sources */ = {isa = PBXBuildFile; fileRef = 2B09B5502397699A0095E4A2 /* VirtualObject.swift */; };
		2B09B55423976F7A0095E4A2 /* VirtualObjects.scnassets in Resources */ = {isa = PBXBuildFile; fileRef = 2B09B55323976F7A0095E4A2 /* VirtualObjects.scnassets */; };
		2B09B55C23978F6F0095E4A2 /* Utilities.swift in Sources */ = {isa = PBXBuildFile; fileRef = 2B09B55B23978F6F0095E4A2 /* Utilities.swift */; };
		2B09B5632398F0CD0095E4A2 /* FocusEntity in Frameworks */ = {isa = PBXBuildFile; productRef = 2B09B5622398F0CD0095E4A2 /* FocusEntity */; };
		2B62F3EB23963CA90018F275 /* AppDelegate.swift in Sources */ = {isa = PBXBuildFile; fileRef = 2B62F3EA23963CA90018F275 /* AppDelegate.swift */; };
		2B62F3F123963CAB0018F275 /* Assets.xcassets in Resources */ = {isa = PBXBuildFile; fileRef = 2B62F3F023963CAB0018F275 /* Assets.xcassets */; };
		2B62F3F723963CAB0018F275 /* LaunchScreen.storyboard in Resources */ = {isa = PBXBuildFile; fileRef = 2B62F3F523963CAB0018F275 /* LaunchScreen.storyboard */; };
		2B62F400239649F80018F275 /* ViewController.swift in Sources */ = {isa = PBXBuildFile; fileRef = 2B62F3FE239649F80018F275 /* ViewController.swift */; };
/* End PBXBuildFile section */

/* Begin PBXFileReference section */
		2B09B549239655AA0095E4A2 /* Main.storyboard */ = {isa = PBXFileReference; lastKnownFileType = file.storyboard; path = Main.storyboard; sourceTree = "<group>"; };
		2B09B54B23965EB40095E4A2 /* ARDecoratingContent.rcproject */ = {isa = PBXFileReference; lastKnownFileType = file.rcproject; path = ARDecoratingContent.rcproject; sourceTree = "<group>"; };
		2B09B54E239769570095E4A2 /* VirutalObjectSceneView.swift */ = {isa = PBXFileReference; lastKnownFileType = sourcecode.swift; path = VirutalObjectSceneView.swift; sourceTree = "<group>"; };
		2B09B5502397699A0095E4A2 /* VirtualObject.swift */ = {isa = PBXFileReference; lastKnownFileType = sourcecode.swift; path = VirtualObject.swift; sourceTree = "<group>"; };
		2B09B55323976F7A0095E4A2 /* VirtualObjects.scnassets */ = {isa = PBXFileReference; lastKnownFileType = wrapper.scnassets; path = VirtualObjects.scnassets; sourceTree = "<group>"; };
		2B09B55B23978F6F0095E4A2 /* Utilities.swift */ = {isa = PBXFileReference; fileEncoding = 4; lastKnownFileType = sourcecode.swift; path = Utilities.swift; sourceTree = "<group>"; };
		2B62F3E723963CA90018F275 /* ARDecorating.app */ = {isa = PBXFileReference; explicitFileType = wrapper.application; includeInIndex = 0; path = ARDecorating.app; sourceTree = BUILT_PRODUCTS_DIR; };
		2B62F3EA23963CA90018F275 /* AppDelegate.swift */ = {isa = PBXFileReference; lastKnownFileType = sourcecode.swift; path = AppDelegate.swift; sourceTree = "<group>"; };
		2B62F3F023963CAB0018F275 /* Assets.xcassets */ = {isa = PBXFileReference; lastKnownFileType = folder.assetcatalog; path = Assets.xcassets; sourceTree = "<group>"; };
		2B62F3F623963CAB0018F275 /* Base */ = {isa = PBXFileReference; lastKnownFileType = file.storyboard; name = Base; path = Base.lproj/LaunchScreen.storyboard; sourceTree = "<group>"; };
		2B62F3F823963CAB0018F275 /* Info.plist */ = {isa = PBXFileReference; lastKnownFileType = text.plist.xml; path = Info.plist; sourceTree = "<group>"; };
		2B62F3FE239649F80018F275 /* ViewController.swift */ = {isa = PBXFileReference; lastKnownFileType = sourcecode.swift; path = ViewController.swift; sourceTree = "<group>"; };
/* End PBXFileReference section */

/* Begin PBXFrameworksBuildPhase section */
		2B62F3E423963CA90018F275 /* Frameworks */ = {
			isa = PBXFrameworksBuildPhase;
			buildActionMask = 2147483647;
			files = (
				2B09B5632398F0CD0095E4A2 /* FocusEntity in Frameworks */,
			);
			runOnlyForDeploymentPostprocessing = 0;
		};
/* End PBXFrameworksBuildPhase section */

/* Begin PBXGroup section */
		2B09B54D239769350095E4A2 /* ARComponents */ = {
			isa = PBXGroup;
			children = (
				2B09B54E239769570095E4A2 /* VirutalObjectSceneView.swift */,
				2B09B5502397699A0095E4A2 /* VirtualObject.swift */,
			);
			path = ARComponents;
			sourceTree = "<group>";
		};
		2B09B55223976F250095E4A2 /* Resources */ = {
			isa = PBXGroup;
			children = (
				2B09B54B23965EB40095E4A2 /* ARDecoratingContent.rcproject */,
				2B62F3F023963CAB0018F275 /* Assets.xcassets */,
				2B62F3F523963CAB0018F275 /* LaunchScreen.storyboard */,
				2B62F3F823963CAB0018F275 /* Info.plist */,
				2B09B549239655AA0095E4A2 /* Main.storyboard */,
				2B09B55323976F7A0095E4A2 /* VirtualObjects.scnassets */,
			);
			path = Resources;
			sourceTree = "<group>";
		};
		2B09B55A23978F5D0095E4A2 /* Utilities */ = {
			isa = PBXGroup;
			children = (
				2B09B55B23978F6F0095E4A2 /* Utilities.swift */,
			);
			path = Utilities;
			sourceTree = "<group>";
		};
		2B62F3DE23963CA80018F275 = {
			isa = PBXGroup;
			children = (
				2B62F3E923963CA90018F275 /* ARDecorating */,
				2B62F3E823963CA90018F275 /* Products */,
			);
			sourceTree = "<group>";
		};
		2B62F3E823963CA90018F275 /* Products */ = {
			isa = PBXGroup;
			children = (
				2B62F3E723963CA90018F275 /* ARDecorating.app */,
			);
			name = Products;
			sourceTree = "<group>";
		};
		2B62F3E923963CA90018F275 /* ARDecorating */ = {
			isa = PBXGroup;
			children = (
				2B62F3EA23963CA90018F275 /* AppDelegate.swift */,
				2B09B54D239769350095E4A2 /* ARComponents */,
				2B09B55A23978F5D0095E4A2 /* Utilities */,
				2B62F3FE239649F80018F275 /* ViewController.swift */,
				2B09B55223976F250095E4A2 /* Resources */,
			);
			path = ARDecorating;
			sourceTree = "<group>";
		};
/* End PBXGroup section */

/* Begin PBXNativeTarget section */
		2B62F3E623963CA90018F275 /* ARDecorating */ = {
			isa = PBXNativeTarget;
			buildConfigurationList = 2B62F3FB23963CAB0018F275 /* Build configuration list for PBXNativeTarget "ARDecorating" */;
			buildPhases = (
				2B62F3E323963CA90018F275 /* Sources */,
				2B62F3E423963CA90018F275 /* Frameworks */,
				2B62F3E523963CA90018F275 /* Resources */,
			);
			buildRules = (
			);
			dependencies = (
			);
			name = ARDecorating;
			packageProductDependencies = (
				2B09B5622398F0CD0095E4A2 /* FocusEntity */,
			);
			productName = ARDecorating;
			productReference = 2B62F3E723963CA90018F275 /* ARDecorating.app */;
			productType = "com.apple.product-type.application";
		};
/* End PBXNativeTarget section */

/* Begin PBXProject section */
		2B62F3DF23963CA80018F275 /* Project object */ = {
			isa = PBXProject;
			attributes = {
				LastSwiftUpdateCheck = 1120;
				LastUpgradeCheck = 1120;
				ORGANIZATIONNAME = Eddie;
				TargetAttributes = {
					2B62F3E623963CA90018F275 = {
						CreatedOnToolsVersion = 11.2.1;
					};
				};
			};
			buildConfigurationList = 2B62F3E223963CA80018F275 /* Build configuration list for PBXProject "ARDecorating" */;
			compatibilityVersion = "Xcode 9.3";
			developmentRegion = en;
			hasScannedForEncodings = 0;
			knownRegions = (
				en,
				Base,
			);
			mainGroup = 2B62F3DE23963CA80018F275;
			packageReferences = (
				2B09B5612398F0CD0095E4A2 /* XCRemoteSwiftPackageReference "FocusEntity" */,
			);
			productRefGroup = 2B62F3E823963CA90018F275 /* Products */;
			projectDirPath = "";
			projectRoot = "";
			targets = (
				2B62F3E623963CA90018F275 /* ARDecorating */,
			);
		};
/* End PBXProject section */

/* Begin PBXResourcesBuildPhase section */
		2B62F3E523963CA90018F275 /* Resources */ = {
			isa = PBXResourcesBuildPhase;
			buildActionMask = 2147483647;
			files = (
				2B62F3F723963CAB0018F275 /* LaunchScreen.storyboard in Resources */,
				2B62F3F123963CAB0018F275 /* Assets.xcassets in Resources */,
				2B09B55423976F7A0095E4A2 /* VirtualObjects.scnassets in Resources */,
				2B09B54A239655AA0095E4A2 /* Main.storyboard in Resources */,
			);
			runOnlyForDeploymentPostprocessing = 0;
		};
/* End PBXResourcesBuildPhase section */

/* Begin PBXSourcesBuildPhase section */
		2B62F3E323963CA90018F275 /* Sources */ = {
			isa = PBXSourcesBuildPhase;
			buildActionMask = 2147483647;
			files = (
				2B09B5512397699A0095E4A2 /* VirtualObject.swift in Sources */,
				2B09B54C23965EB40095E4A2 /* ARDecoratingContent.rcproject in Sources */,
				2B62F400239649F80018F275 /* ViewController.swift in Sources */,
				2B09B54F239769570095E4A2 /* VirutalObjectSceneView.swift in Sources */,
				2B09B55C23978F6F0095E4A2 /* Utilities.swift in Sources */,
				2B62F3EB23963CA90018F275 /* AppDelegate.swift in Sources */,
			);
			runOnlyForDeploymentPostprocessing = 0;
		};
/* End PBXSourcesBuildPhase section */

/* Begin PBXVariantGroup section */
		2B62F3F523963CAB0018F275 /* LaunchScreen.storyboard */ = {
			isa = PBXVariantGroup;
			children = (
				2B62F3F623963CAB0018F275 /* Base */,
			);
			name = LaunchScreen.storyboard;
			sourceTree = "<group>";
		};
/* End PBXVariantGroup section */

/* Begin XCBuildConfiguration section */
		2B62F3F923963CAB0018F275 /* Debug */ = {
			isa = XCBuildConfiguration;
			buildSettings = {
				ALWAYS_SEARCH_USER_PATHS = NO;
				CLANG_ANALYZER_NONNULL = YES;
				CLANG_ANALYZER_NUMBER_OBJECT_CONVERSION = YES_AGGRESSIVE;
				CLANG_CXX_LANGUAGE_STANDARD = "gnu++14";
				CLANG_CXX_LIBRARY = "libc++";
				CLANG_ENABLE_MODULES = YES;
				CLANG_ENABLE_OBJC_ARC = YES;
				CLANG_ENABLE_OBJC_WEAK = YES;
				CLANG_WARN_BLOCK_CAPTURE_AUTORELEASING = YES;
				CLANG_WARN_BOOL_CONVERSION = YES;
				CLANG_WARN_COMMA = YES;
				CLANG_WARN_CONSTANT_CONVERSION = YES;
				CLANG_WARN_DEPRECATED_OBJC_IMPLEMENTATIONS = YES;
				CLANG_WARN_DIRECT_OBJC_ISA_USAGE = YES_ERROR;
				CLANG_WARN_DOCUMENTATION_COMMENTS = YES;
				CLANG_WARN_EMPTY_BODY = YES;
				CLANG_WARN_ENUM_CONVERSION = YES;
				CLANG_WARN_INFINITE_RECURSION = YES;
				CLANG_WARN_INT_CONVERSION = YES;
				CLANG_WARN_NON_LITERAL_NULL_CONVERSION = YES;
				CLANG_WARN_OBJC_IMPLICIT_RETAIN_SELF = YES;
				CLANG_WARN_OBJC_LITERAL_CONVERSION = YES;
				CLANG_WARN_OBJC_ROOT_CLASS = YES_ERROR;
				CLANG_WARN_RANGE_LOOP_ANALYSIS = YES;
				CLANG_WARN_STRICT_PROTOTYPES = YES;
				CLANG_WARN_SUSPICIOUS_MOVE = YES;
				CLANG_WARN_UNGUARDED_AVAILABILITY = YES_AGGRESSIVE;
				CLANG_WARN_UNREACHABLE_CODE = YES;
				CLANG_WARN__DUPLICATE_METHOD_MATCH = YES;
				COPY_PHASE_STRIP = NO;
				DEBUG_INFORMATION_FORMAT = dwarf;
				ENABLE_STRICT_OBJC_MSGSEND = YES;
				ENABLE_TESTABILITY = YES;
				GCC_C_LANGUAGE_STANDARD = gnu11;
				GCC_DYNAMIC_NO_PIC = NO;
				GCC_NO_COMMON_BLOCKS = YES;
				GCC_OPTIMIZATION_LEVEL = 0;
				GCC_PREPROCESSOR_DEFINITIONS = (
					"DEBUG=1",
					"$(inherited)",
				);
				GCC_WARN_64_TO_32_BIT_CONVERSION = YES;
				GCC_WARN_ABOUT_RETURN_TYPE = YES_ERROR;
				GCC_WARN_UNDECLARED_SELECTOR = YES;
				GCC_WARN_UNINITIALIZED_AUTOS = YES_AGGRESSIVE;
				GCC_WARN_UNUSED_FUNCTION = YES;
				GCC_WARN_UNUSED_VARIABLE = YES;
				IPHONEOS_DEPLOYMENT_TARGET = 13.2;
				MTL_ENABLE_DEBUG_INFO = INCLUDE_SOURCE;
				MTL_FAST_MATH = YES;
				ONLY_ACTIVE_ARCH = YES;
				SDKROOT = iphoneos;
				SWIFT_ACTIVE_COMPILATION_CONDITIONS = DEBUG;
				SWIFT_OPTIMIZATION_LEVEL = "-Onone";
			};
			name = Debug;
		};
		2B62F3FA23963CAB0018F275 /* Release */ = {
			isa = XCBuildConfiguration;
			buildSettings = {
				ALWAYS_SEARCH_USER_PATHS = NO;
				CLANG_ANALYZER_NONNULL = YES;
				CLANG_ANALYZER_NUMBER_OBJECT_CONVERSION = YES_AGGRESSIVE;
				CLANG_CXX_LANGUAGE_STANDARD = "gnu++14";
				CLANG_CXX_LIBRARY = "libc++";
				CLANG_ENABLE_MODULES = YES;
				CLANG_ENABLE_OBJC_ARC = YES;
				CLANG_ENABLE_OBJC_WEAK = YES;
				CLANG_WARN_BLOCK_CAPTURE_AUTORELEASING = YES;
				CLANG_WARN_BOOL_CONVERSION = YES;
				CLANG_WARN_COMMA = YES;
				CLANG_WARN_CONSTANT_CONVERSION = YES;
				CLANG_WARN_DEPRECATED_OBJC_IMPLEMENTATIONS = YES;
				CLANG_WARN_DIRECT_OBJC_ISA_USAGE = YES_ERROR;
				CLANG_WARN_DOCUMENTATION_COMMENTS = YES;
				CLANG_WARN_EMPTY_BODY = YES;
				CLANG_WARN_ENUM_CONVERSION = YES;
				CLANG_WARN_INFINITE_RECURSION = YES;
				CLANG_WARN_INT_CONVERSION = YES;
				CLANG_WARN_NON_LITERAL_NULL_CONVERSION = YES;
				CLANG_WARN_OBJC_IMPLICIT_RETAIN_SELF = YES;
				CLANG_WARN_OBJC_LITERAL_CONVERSION = YES;
				CLANG_WARN_OBJC_ROOT_CLASS = YES_ERROR;
				CLANG_WARN_RANGE_LOOP_ANALYSIS = YES;
				CLANG_WARN_STRICT_PROTOTYPES = YES;
				CLANG_WARN_SUSPICIOUS_MOVE = YES;
				CLANG_WARN_UNGUARDED_AVAILABILITY = YES_AGGRESSIVE;
				CLANG_WARN_UNREACHABLE_CODE = YES;
				CLANG_WARN__DUPLICATE_METHOD_MATCH = YES;
				COPY_PHASE_STRIP = NO;
				DEBUG_INFORMATION_FORMAT = "dwarf-with-dsym";
				ENABLE_NS_ASSERTIONS = NO;
				ENABLE_STRICT_OBJC_MSGSEND = YES;
				GCC_C_LANGUAGE_STANDARD = gnu11;
				GCC_NO_COMMON_BLOCKS = YES;
				GCC_WARN_64_TO_32_BIT_CONVERSION = YES;
				GCC_WARN_ABOUT_RETURN_TYPE = YES_ERROR;
				GCC_WARN_UNDECLARED_SELECTOR = YES;
				GCC_WARN_UNINITIALIZED_AUTOS = YES_AGGRESSIVE;
				GCC_WARN_UNUSED_FUNCTION = YES;
				GCC_WARN_UNUSED_VARIABLE = YES;
				IPHONEOS_DEPLOYMENT_TARGET = 13.2;
				MTL_ENABLE_DEBUG_INFO = NO;
				MTL_FAST_MATH = YES;
				SDKROOT = iphoneos;
				SWIFT_COMPILATION_MODE = wholemodule;
				SWIFT_OPTIMIZATION_LEVEL = "-O";
				VALIDATE_PRODUCT = YES;
			};
			name = Release;
		};
		2B62F3FC23963CAB0018F275 /* Debug */ = {
			isa = XCBuildConfiguration;
			buildSettings = {
				ASSETCATALOG_COMPILER_APPICON_NAME = AppIcon;
				CODE_SIGN_STYLE = Automatic;
				DEAD_CODE_STRIPPING = NO;
				DEVELOPMENT_TEAM = 9WQ9GA3FD9;
				ENABLE_PREVIEWS = YES;
				INFOPLIST_FILE = ARDecorating/Resources/Info.plist;
				IPHONEOS_DEPLOYMENT_TARGET = 13.2;
				LD_RUNPATH_SEARCH_PATHS = (
					"$(inherited)",
					"@executable_path/Frameworks",
				);
				PRODUCT_BUNDLE_IDENTIFIER = helIgate.ARDecorating;
				PRODUCT_NAME = "$(TARGET_NAME)";
				SWIFT_VERSION = 5.0;
				TARGETED_DEVICE_FAMILY = "1,2";
			};
			name = Debug;
		};
		2B62F3FD23963CAB0018F275 /* Release */ = {
			isa = XCBuildConfiguration;
			buildSettings = {
				ASSETCATALOG_COMPILER_APPICON_NAME = AppIcon;
				CODE_SIGN_STYLE = Automatic;
				DEAD_CODE_STRIPPING = NO;
				DEVELOPMENT_TEAM = 9WQ9GA3FD9;
				ENABLE_PREVIEWS = YES;
				INFOPLIST_FILE = ARDecorating/Resources/Info.plist;
				IPHONEOS_DEPLOYMENT_TARGET = 13.2;
				LD_RUNPATH_SEARCH_PATHS = (
					"$(inherited)",
					"@executable_path/Frameworks",
				);
				PRODUCT_BUNDLE_IDENTIFIER = helIgate.ARDecorating;
				PRODUCT_NAME = "$(TARGET_NAME)";
				SWIFT_VERSION = 5.0;
				TARGETED_DEVICE_FAMILY = "1,2";
			};
			name = Release;
		};
/* End XCBuildConfiguration section */

/* Begin XCConfigurationList section */
		2B62F3E223963CA80018F275 /* Build configuration list for PBXProject "ARDecorating" */ = {
			isa = XCConfigurationList;
			buildConfigurations = (
				2B62F3F923963CAB0018F275 /* Debug */,
				2B62F3FA23963CAB0018F275 /* Release */,
			);
			defaultConfigurationIsVisible = 0;
			defaultConfigurationName = Release;
		};
		2B62F3FB23963CAB0018F275 /* Build configuration list for PBXNativeTarget "ARDecorating" */ = {
			isa = XCConfigurationList;
			buildConfigurations = (
				2B62F3FC23963CAB0018F275 /* Debug */,
				2B62F3FD23963CAB0018F275 /* Release */,
			);
			defaultConfigurationIsVisible = 0;
			defaultConfigurationName = Release;
		};
/* End XCConfigurationList section */

/* Begin XCRemoteSwiftPackageReference section */
		2B09B5612398F0CD0095E4A2 /* XCRemoteSwiftPackageReference "FocusEntity" */ = {
			isa = XCRemoteSwiftPackageReference;
			repositoryURL = "https://github.com/maxxfrazer/FocusEntity.git";
			requirement = {
				branch = master;
				kind = branch;
			};
		};
/* End XCRemoteSwiftPackageReference section */

/* Begin XCSwiftPackageProductDependency section */
		2B09B5622398F0CD0095E4A2 /* FocusEntity */ = {
			isa = XCSwiftPackageProductDependency;
			package = 2B09B5612398F0CD0095E4A2 /* XCRemoteSwiftPackageReference "FocusEntity" */;
			productName = FocusEntity;
		};
/* End XCSwiftPackageProductDependency section */
	};
	rootObject = 2B62F3DF23963CA80018F275 /* Project object */;
}
